<?xml version="1.0" encoding="utf-8"?>
<Project ToolsVersion="4.0" xmlns="http://schemas.microsoft.com/developer/msbuild/2003">
  <ItemGroup>
    <Filter Include="Header Files">
      <UniqueIdentifier>{93995380-89BD-4b04-88EB-625FBE52EBFB}</UniqueIdentifier>
      <Extensions>h;hpp;hxx;hm;inl;inc;xsd</Extensions>
    </Filter>
    <Filter Include="Resource Files">
      <UniqueIdentifier>{67DA6AB6-F800-4c08-8B7A-83BB121AAD01}</UniqueIdentifier>
      <Extensions>rc;ico;cur;bmp;dlg;rc2;rct;bin;rgs;gif;jpg;jpeg;jpe;resx</Extensions>
    </Filter>
    <Filter Include="Source Files">
      <UniqueIdentifier>{4FC737F1-C7A5-4376-A066-2A32D752A2FF}</UniqueIdentifier>
      <Extensions>cpp;c;cc;cxx;def;odl;idl;hpj;bat;asm;asmx</Extensions>
    </Filter>
  </ItemGroup>
  <ItemGroup>
    <ClInclude Include="asio_range_util.hpp">
      <Filter>Header Files</Filter>
    </ClInclude>
    <ClInclude Include="common.hpp">
      <Filter>Header Files</Filter>
    </ClInclude>
    <ClInclude Include="console.hpp">
      <Filter>Header Files</Filter>
    </ClInclude>
    <ClInclude Include="conversion.hpp">
      <Filter>Header Files</Filter>
    </ClInclude>
    <ClInclude Include="http_client.hpp">
      <Filter>Header Files</Filter>
    </ClInclude>
    <ClInclude Include="http_connection.hpp">
      <Filter>Header Files</Filter>
    </ClInclude>
    <ClInclude Include="json_parser.hpp">
      <Filter>Header Files</Filter>
    </ClInclude>
    <ClInclude Include="oauth.hpp">
      <Filter>Header Files</Filter>
    </ClInclude>
    <ClInclude Include="twitter.hpp">
      <Filter>Header Files</Filter>
    </ClInclude>
    <ClInclude Include="util.hpp">
      <Filter>Header Files</Filter>
    </ClInclude>
  </ItemGroup>
  <ItemGroup>
    <ClCompile Include="black_circle.cc">
      <Filter>Source Files</Filter>
    </ClCompile>
    <ClCompile Include="console.cc">
      <Filter>Source Files</Filter>
    </ClCompile>
    <ClCompile Include="conversion.cc">
      <Filter>Source Files</Filter>
    </ClCompile>
    <ClCompile Include="http_client_inst.cc">
      <Filter>Source Files</Filter>
    </ClCompile>
    <ClCompile Include="json_parser_inst.cc">
      <Filter>Source Files</Filter>
    </ClCompile>
    <ClCompile Include="twitter.cc">
      <Filter>Source Files</Filter>
    </ClCompile>
  </ItemGroup>
  <ItemGroup>
    <None Include="grim2.html" />
  </ItemGroup>
</Project>